
Microsoft Visual Studio Solution File, Format Version 12.00
# Visual Studio Version 17
VisualStudioVersion = 17.2.32516.85
MinimumVisualStudioVersion = 10.0.40219.1
Project("{9A19103F-16F7-4668-BE54-9A1E7A4F7556}") = "FileReader_Project", "FileReader_Project.csproj", "{52E25C9B-A108-4DE3-94A0-44F30B378548}"
EndProject
Project("{9A19103F-16F7-4668-BE54-9A1E7A4F7556}") = "FileReader_DataAccess", "..\FileReader.DataAccess\FileReader_DataAccess.csproj", "{2855F3C8-D464-435F-88D3-1F11732F7B76}"
EndProject
Project("{9A19103F-16F7-4668-BE54-9A1E7A4F7556}") = "FileReader_BusinessLogic", "..\FileReader.BusinessLogic\FileReader_BusinessLogic.csproj", "{90CF63BE-864B-46A7-8FBE-C64E263ADB25}"
EndProject
Global
	GlobalSection(SolutionConfigurationPlatforms) = preSolution
		Debug|Any CPU = Debug|Any CPU
		Release|Any CPU = Release|Any CPU
	EndGlobalSection
	GlobalSection(ProjectConfigurationPlatforms) = postSolution
		{52E25C9B-A108-4DE3-94A0-44F30B378548}.Debug|Any CPU.ActiveCfg = Debug|Any CPU
		{52E25C9B-A108-4DE3-94A0-44F30B378548}.Debug|Any CPU.Build.0 = Debug|Any CPU
		{52E25C9B-A108-4DE3-94A0-44F30B378548}.Release|Any CPU.ActiveCfg = Release|Any CPU
		{52E25C9B-A108-4DE3-94A0-44F30B378548}.Release|Any CPU.Build.0 = Release|Any CPU
		{2855F3C8-D464-435F-88D3-1F11732F7B76}.Debug|Any CPU.ActiveCfg = Debug|Any CPU
		{2855F3C8-D464-435F-88D3-1F11732F7B76}.Debug|Any CPU.Build.0 = Debug|Any CPU
		{2855F3C8-D464-435F-88D3-1F11732F7B76}.Release|Any CPU.ActiveCfg = Release|Any CPU
		{2855F3C8-D464-435F-88D3-1F11732F7B76}.Release|Any CPU.Build.0 = Release|Any CPU
		{90CF63BE-864B-46A7-8FBE-C64E263ADB25}.Debug|Any CPU.ActiveCfg = Debug|Any CPU
		{90CF63BE-864B-46A7-8FBE-C64E263ADB25}.Debug|Any CPU.Build.0 = Debug|Any CPU
		{90CF63BE-864B-46A7-8FBE-C64E263ADB25}.Release|Any CPU.ActiveCfg = Release|Any CPU
		{90CF63BE-864B-46A7-8FBE-C64E263ADB25}.Release|Any CPU.Build.0 = Release|Any CPU
	EndGlobalSection
	GlobalSection(SolutionProperties) = preSolution
		HideSolutionNode = FALSE
	EndGlobalSection
	GlobalSection(ExtensibilityGlobals) = postSolution
		SolutionGuid = {58FF2209-5FBA-42C4-8DF9-628F888B5A85}
	EndGlobalSection
EndGlobal
